// !$*UTF8*$!
{
	archiveVersion = 1;
	classes = {
	};
	objectVersion = 46;
	objects = {

/* Begin PBXBuildFile section */
		AE3D6FFE1F277A75000E4579 /* UIViewController.swift in Sources */ = {isa = PBXBuildFile; fileRef = AE3D6FFD1F277A75000E4579 /* UIViewController.swift */; };
		AE3D70001F277A94000E4579 /* UITableViewCell.swift in Sources */ = {isa = PBXBuildFile; fileRef = AE3D6FFF1F277A94000E4579 /* UITableViewCell.swift */; };
		AE4F99C21EDC1BD300B858FC /* Constants.swift in Sources */ = {isa = PBXBuildFile; fileRef = AE4F99C11EDC1BD300B858FC /* Constants.swift */; };
		AE5119AF1E7D6B1300AC1361 /* Assets.xcassets in Resources */ = {isa = PBXBuildFile; fileRef = AE5119AE1E7D6B1300AC1361 /* Assets.xcassets */; };
		AE5119BD1E7D6B1300AC1361 /* PeekAndPopTutorialTests.swift in Sources */ = {isa = PBXBuildFile; fileRef = AE5119BC1E7D6B1300AC1361 /* PeekAndPopTutorialTests.swift */; };
		AE5119C81E7D6B1300AC1361 /* PeekAndPopTutorialUITests.swift in Sources */ = {isa = PBXBuildFile; fileRef = AE5119C71E7D6B1300AC1361 /* PeekAndPopTutorialUITests.swift */; };
		AE5119D71E7D6C3100AC1361 /* Restaurant.swift in Sources */ = {isa = PBXBuildFile; fileRef = AE5119D61E7D6C3100AC1361 /* Restaurant.swift */; };
		AE5119DE1E7D6EA700AC1361 /* AppDelegate.swift in Sources */ = {isa = PBXBuildFile; fileRef = AE5119DC1E7D6EA700AC1361 /* AppDelegate.swift */; };
		AE5119DF1E7D6EA700AC1361 /* Info.plist in Resources */ = {isa = PBXBuildFile; fileRef = AE5119DD1E7D6EA700AC1361 /* Info.plist */; };
		AED89A601E7FD0CB00A316F1 /* RestaurantImageView.swift in Sources */ = {isa = PBXBuildFile; fileRef = AED89A5F1E7FD0CB00A316F1 /* RestaurantImageView.swift */; };
		AEEB50C21E7D6F0C00615C44 /* RestaurantsViewController.swift in Sources */ = {isa = PBXBuildFile; fileRef = AEEB50C11E7D6F0C00615C44 /* RestaurantsViewController.swift */; };
		AEEB50C71E7D6F4500615C44 /* LaunchScreen.storyboard in Resources */ = {isa = PBXBuildFile; fileRef = AEEB50C51E7D6F4500615C44 /* LaunchScreen.storyboard */; };
		AEEB50C81E7D6F4500615C44 /* Main.storyboard in Resources */ = {isa = PBXBuildFile; fileRef = AEEB50C61E7D6F4500615C44 /* Main.storyboard */; };
		AEEB50C91E7D6F6300615C44 /* Info.plist in Sources */ = {isa = PBXBuildFile; fileRef = AE5119DD1E7D6EA700AC1361 /* Info.plist */; };
		AEEB50D01E7D76C800615C44 /* RestaurantCell.swift in Sources */ = {isa = PBXBuildFile; fileRef = AEEB50CF1E7D76C800615C44 /* RestaurantCell.swift */; };
		AEEB50D21E7D7D0F00615C44 /* RestaurantDetailsViewController.swift in Sources */ = {isa = PBXBuildFile; fileRef = AEEB50D11E7D7D0F00615C44 /* RestaurantDetailsViewController.swift */; };
/* End PBXBuildFile section */

/* Begin PBXContainerItemProxy section */
		AE5119B91E7D6B1300AC1361 /* PBXContainerItemProxy */ = {
			isa = PBXContainerItemProxy;
			containerPortal = AE51199C1E7D6B1300AC1361 /* Project object */;
			proxyType = 1;
			remoteGlobalIDString = AE5119A31E7D6B1300AC1361;
			remoteInfo = PeekAndPopTutorial;
		};
		AE5119C41E7D6B1300AC1361 /* PBXContainerItemProxy */ = {
			isa = PBXContainerItemProxy;
			containerPortal = AE51199C1E7D6B1300AC1361 /* Project object */;
			proxyType = 1;
			remoteGlobalIDString = AE5119A31E7D6B1300AC1361;
			remoteInfo = PeekAndPopTutorial;
		};
/* End PBXContainerItemProxy section */

/* Begin PBXFileReference section */
		AE3D6FFD1F277A75000E4579 /* UIViewController.swift */ = {isa = PBXFileReference; fileEncoding = 4; lastKnownFileType = sourcecode.swift; path = UIViewController.swift; sourceTree = "<group>"; };
		AE3D6FFF1F277A94000E4579 /* UITableViewCell.swift */ = {isa = PBXFileReference; fileEncoding = 4; lastKnownFileType = sourcecode.swift; path = UITableViewCell.swift; sourceTree = "<group>"; };
		AE4F99C11EDC1BD300B858FC /* Constants.swift */ = {isa = PBXFileReference; fileEncoding = 4; lastKnownFileType = sourcecode.swift; name = Constants.swift; path = "Supporting Files/Constants.swift"; sourceTree = "<group>"; };
		AE5119A41E7D6B1300AC1361 /* PeekAndPopTutorial.app */ = {isa = PBXFileReference; explicitFileType = wrapper.application; includeInIndex = 0; path = PeekAndPopTutorial.app; sourceTree = BUILT_PRODUCTS_DIR; };
		AE5119AE1E7D6B1300AC1361 /* Assets.xcassets */ = {isa = PBXFileReference; lastKnownFileType = folder.assetcatalog; path = Assets.xcassets; sourceTree = "<group>"; };
		AE5119B81E7D6B1300AC1361 /* PeekAndPopTutorialTests.xctest */ = {isa = PBXFileReference; explicitFileType = wrapper.cfbundle; includeInIndex = 0; path = PeekAndPopTutorialTests.xctest; sourceTree = BUILT_PRODUCTS_DIR; };
		AE5119BC1E7D6B1300AC1361 /* PeekAndPopTutorialTests.swift */ = {isa = PBXFileReference; lastKnownFileType = sourcecode.swift; path = PeekAndPopTutorialTests.swift; sourceTree = "<group>"; };
		AE5119BE1E7D6B1300AC1361 /* Info.plist */ = {isa = PBXFileReference; lastKnownFileType = text.plist.xml; path = Info.plist; sourceTree = "<group>"; };
		AE5119C31E7D6B1300AC1361 /* PeekAndPopTutorialUITests.xctest */ = {isa = PBXFileReference; explicitFileType = wrapper.cfbundle; includeInIndex = 0; path = PeekAndPopTutorialUITests.xctest; sourceTree = BUILT_PRODUCTS_DIR; };
		AE5119C71E7D6B1300AC1361 /* PeekAndPopTutorialUITests.swift */ = {isa = PBXFileReference; lastKnownFileType = sourcecode.swift; path = PeekAndPopTutorialUITests.swift; sourceTree = "<group>"; };
		AE5119C91E7D6B1300AC1361 /* Info.plist */ = {isa = PBXFileReference; lastKnownFileType = text.plist.xml; path = Info.plist; sourceTree = "<group>"; };
		AE5119D61E7D6C3100AC1361 /* Restaurant.swift */ = {isa = PBXFileReference; fileEncoding = 4; lastKnownFileType = sourcecode.swift; name = Restaurant.swift; path = ../Model/Restaurant.swift; sourceTree = "<group>"; };
		AE5119DC1E7D6EA700AC1361 /* AppDelegate.swift */ = {isa = PBXFileReference; fileEncoding = 4; lastKnownFileType = sourcecode.swift; name = AppDelegate.swift; path = "Supporting Files/AppDelegate.swift"; sourceTree = "<group>"; };
		AE5119DD1E7D6EA700AC1361 /* Info.plist */ = {isa = PBXFileReference; fileEncoding = 4; lastKnownFileType = text.plist.xml; name = Info.plist; path = "Supporting Files/Info.plist"; sourceTree = "<group>"; };
		AED89A5F1E7FD0CB00A316F1 /* RestaurantImageView.swift */ = {isa = PBXFileReference; fileEncoding = 4; lastKnownFileType = sourcecode.swift; path = RestaurantImageView.swift; sourceTree = "<group>"; };
		AEEB50C11E7D6F0C00615C44 /* RestaurantsViewController.swift */ = {isa = PBXFileReference; fileEncoding = 4; lastKnownFileType = sourcecode.swift; path = RestaurantsViewController.swift; sourceTree = "<group>"; };
		AEEB50C51E7D6F4500615C44 /* LaunchScreen.storyboard */ = {isa = PBXFileReference; fileEncoding = 4; lastKnownFileType = file.storyboard; name = LaunchScreen.storyboard; path = Storyboards/LaunchScreen.storyboard; sourceTree = "<group>"; };
		AEEB50C61E7D6F4500615C44 /* Main.storyboard */ = {isa = PBXFileReference; fileEncoding = 4; lastKnownFileType = file.storyboard; name = Main.storyboard; path = Storyboards/Main.storyboard; sourceTree = "<group>"; };
		AEEB50CF1E7D76C800615C44 /* RestaurantCell.swift */ = {isa = PBXFileReference; fileEncoding = 4; lastKnownFileType = sourcecode.swift; path = RestaurantCell.swift; sourceTree = "<group>"; };
		AEEB50D11E7D7D0F00615C44 /* RestaurantDetailsViewController.swift */ = {isa = PBXFileReference; fileEncoding = 4; lastKnownFileType = sourcecode.swift; path = RestaurantDetailsViewController.swift; sourceTree = "<group>"; };
/* End PBXFileReference section */

/* Begin PBXFrameworksBuildPhase section */
		AE5119A11E7D6B1300AC1361 /* Frameworks */ = {
			isa = PBXFrameworksBuildPhase;
			buildActionMask = 2147483647;
			files = (
			);
			runOnlyForDeploymentPostprocessing = 0;
		};
		AE5119B51E7D6B1300AC1361 /* Frameworks */ = {
			isa = PBXFrameworksBuildPhase;
			buildActionMask = 2147483647;
			files = (
			);
			runOnlyForDeploymentPostprocessing = 0;
		};
		AE5119C01E7D6B1300AC1361 /* Frameworks */ = {
			isa = PBXFrameworksBuildPhase;
			buildActionMask = 2147483647;
			files = (
			);
			runOnlyForDeploymentPostprocessing = 0;
		};
/* End PBXFrameworksBuildPhase section */

/* Begin PBXGroup section */
		AE3D6FFC1F277A56000E4579 /* Extensions */ = {
			isa = PBXGroup;
			children = (
				AE3D6FFD1F277A75000E4579 /* UIViewController.swift */,
				AE3D6FFF1F277A94000E4579 /* UITableViewCell.swift */,
			);
			path = Extensions;
			sourceTree = "<group>";
		};
		AE51199B1E7D6B1300AC1361 = {
			isa = PBXGroup;
			children = (
				AE5119A61E7D6B1300AC1361 /* PeekAndPopTutorial */,
				AE5119BB1E7D6B1300AC1361 /* PeekAndPopTutorialTests */,
				AE5119C61E7D6B1300AC1361 /* PeekAndPopTutorialUITests */,
				AE5119A51E7D6B1300AC1361 /* Products */,
			);
			sourceTree = "<group>";
		};
		AE5119A51E7D6B1300AC1361 /* Products */ = {
			isa = PBXGroup;
			children = (
				AE5119A41E7D6B1300AC1361 /* PeekAndPopTutorial.app */,
				AE5119B81E7D6B1300AC1361 /* PeekAndPopTutorialTests.xctest */,
				AE5119C31E7D6B1300AC1361 /* PeekAndPopTutorialUITests.xctest */,
			);
			name = Products;
			sourceTree = "<group>";
		};
		AE5119A61E7D6B1300AC1361 /* PeekAndPopTutorial */ = {
			isa = PBXGroup;
			children = (
				AE5119DB1E7D6DF800AC1361 /* ViewControllers */,
				AE5119D51E7D6C1600AC1361 /* Model */,
				AEEB50CC1E7D768D00615C44 /* View */,
				AE5119DA1E7D6DD500AC1361 /* Resources  */,
				AE5119D91E7D6DBF00AC1361 /* Storyboards */,
				AE3D6FFC1F277A56000E4579 /* Extensions */,
				AE5119D81E7D6D7A00AC1361 /* Supporting Files */,
			);
			path = PeekAndPopTutorial;
			sourceTree = "<group>";
		};
		AE5119BB1E7D6B1300AC1361 /* PeekAndPopTutorialTests */ = {
			isa = PBXGroup;
			children = (
				AE5119BC1E7D6B1300AC1361 /* PeekAndPopTutorialTests.swift */,
				AE5119BE1E7D6B1300AC1361 /* Info.plist */,
			);
			path = PeekAndPopTutorialTests;
			sourceTree = "<group>";
		};
		AE5119C61E7D6B1300AC1361 /* PeekAndPopTutorialUITests */ = {
			isa = PBXGroup;
			children = (
				AE5119C71E7D6B1300AC1361 /* PeekAndPopTutorialUITests.swift */,
				AE5119C91E7D6B1300AC1361 /* Info.plist */,
			);
			path = PeekAndPopTutorialUITests;
			sourceTree = "<group>";
		};
		AE5119D51E7D6C1600AC1361 /* Model */ = {
			isa = PBXGroup;
			children = (
				AE5119D61E7D6C3100AC1361 /* Restaurant.swift */,
			);
			name = Model;
			path = "Supporting Files";
			sourceTree = "<group>";
		};
		AE5119D81E7D6D7A00AC1361 /* Supporting Files */ = {
			isa = PBXGroup;
			children = (
				AE4F99C11EDC1BD300B858FC /* Constants.swift */,
				AE5119DC1E7D6EA700AC1361 /* AppDelegate.swift */,
				AE5119DD1E7D6EA700AC1361 /* Info.plist */,
			);
			name = "Supporting Files";
			sourceTree = "<group>";
		};
		AE5119D91E7D6DBF00AC1361 /* Storyboards */ = {
			isa = PBXGroup;
			children = (
				AEEB50C61E7D6F4500615C44 /* Main.storyboard */,
				AEEB50C51E7D6F4500615C44 /* LaunchScreen.storyboard */,
			);
			name = Storyboards;
			sourceTree = "<group>";
		};
		AE5119DA1E7D6DD500AC1361 /* Resources  */ = {
			isa = PBXGroup;
			children = (
				AE5119AE1E7D6B1300AC1361 /* Assets.xcassets */,
			);
			name = "Resources ";
			path = Resources;
			sourceTree = "<group>";
		};
		AE5119DB1E7D6DF800AC1361 /* ViewControllers */ = {
			isa = PBXGroup;
			children = (
				AEEB50C11E7D6F0C00615C44 /* RestaurantsViewController.swift */,
				AEEB50D11E7D7D0F00615C44 /* RestaurantDetailsViewController.swift */,
			);
			path = ViewControllers;
			sourceTree = "<group>";
		};
		AEEB50CC1E7D768D00615C44 /* View */ = {
			isa = PBXGroup;
			children = (
				AEEB50CF1E7D76C800615C44 /* RestaurantCell.swift */,
				AED89A5F1E7FD0CB00A316F1 /* RestaurantImageView.swift */,
			);
			path = View;
			sourceTree = "<group>";
		};
/* End PBXGroup section */

/* Begin PBXNativeTarget section */
		AE5119A31E7D6B1300AC1361 /* PeekAndPopTutorial */ = {
			isa = PBXNativeTarget;
			buildConfigurationList = AE5119CC1E7D6B1300AC1361 /* Build configuration list for PBXNativeTarget "PeekAndPopTutorial" */;
			buildPhases = (
				AE5119A01E7D6B1300AC1361 /* Sources */,
				AE5119A11E7D6B1300AC1361 /* Frameworks */,
				AE5119A21E7D6B1300AC1361 /* Resources */,
			);
			buildRules = (
			);
			dependencies = (
			);
			name = PeekAndPopTutorial;
			productName = PeekAndPopTutorial;
			productReference = AE5119A41E7D6B1300AC1361 /* PeekAndPopTutorial.app */;
			productType = "com.apple.product-type.application";
		};
		AE5119B71E7D6B1300AC1361 /* PeekAndPopTutorialTests */ = {
			isa = PBXNativeTarget;
			buildConfigurationList = AE5119CF1E7D6B1300AC1361 /* Build configuration list for PBXNativeTarget "PeekAndPopTutorialTests" */;
			buildPhases = (
				AE5119B41E7D6B1300AC1361 /* Sources */,
				AE5119B51E7D6B1300AC1361 /* Frameworks */,
				AE5119B61E7D6B1300AC1361 /* Resources */,
			);
			buildRules = (
			);
			dependencies = (
				AE5119BA1E7D6B1300AC1361 /* PBXTargetDependency */,
			);
			name = PeekAndPopTutorialTests;
			productName = PeekAndPopTutorialTests;
			productReference = AE5119B81E7D6B1300AC1361 /* PeekAndPopTutorialTests.xctest */;
			productType = "com.apple.product-type.bundle.unit-test";
		};
		AE5119C21E7D6B1300AC1361 /* PeekAndPopTutorialUITests */ = {
			isa = PBXNativeTarget;
			buildConfigurationList = AE5119D21E7D6B1300AC1361 /* Build configuration list for PBXNativeTarget "PeekAndPopTutorialUITests" */;
			buildPhases = (
				AE5119BF1E7D6B1300AC1361 /* Sources */,
				AE5119C01E7D6B1300AC1361 /* Frameworks */,
				AE5119C11E7D6B1300AC1361 /* Resources */,
			);
			buildRules = (
			);
			dependencies = (
				AE5119C51E7D6B1300AC1361 /* PBXTargetDependency */,
			);
			name = PeekAndPopTutorialUITests;
			productName = PeekAndPopTutorialUITests;
			productReference = AE5119C31E7D6B1300AC1361 /* PeekAndPopTutorialUITests.xctest */;
			productType = "com.apple.product-type.bundle.ui-testing";
		};
/* End PBXNativeTarget section */

/* Begin PBXProject section */
		AE51199C1E7D6B1300AC1361 /* Project object */ = {
			isa = PBXProject;
			attributes = {
				LastSwiftUpdateCheck = 0820;
				LastUpgradeCheck = 0820;
				ORGANIZATIONNAME = "Piotr Przeliorz";
				TargetAttributes = {
					AE5119A31E7D6B1300AC1361 = {
						CreatedOnToolsVersion = 8.2.1;
						DevelopmentTeam = Q9FBT3ZA8A;
						LastSwiftMigration = 0900;
						ProvisioningStyle = Automatic;
					};
					AE5119B71E7D6B1300AC1361 = {
						CreatedOnToolsVersion = 8.2.1;
						LastSwiftMigration = 0900;
						ProvisioningStyle = Automatic;
						TestTargetID = AE5119A31E7D6B1300AC1361;
					};
					AE5119C21E7D6B1300AC1361 = {
						CreatedOnToolsVersion = 8.2.1;
						LastSwiftMigration = 0900;
						ProvisioningStyle = Automatic;
						TestTargetID = AE5119A31E7D6B1300AC1361;
					};
				};
			};
			buildConfigurationList = AE51199F1E7D6B1300AC1361 /* Build configuration list for PBXProject "PeekAndPopTutorial" */;
			compatibilityVersion = "Xcode 3.2";
			developmentRegion = English;
			hasScannedForEncodings = 0;
			knownRegions = (
				en,
				Base,
			);
			mainGroup = AE51199B1E7D6B1300AC1361;
			productRefGroup = AE5119A51E7D6B1300AC1361 /* Products */;
			projectDirPath = "";
			projectRoot = "";
			targets = (
				AE5119A31E7D6B1300AC1361 /* PeekAndPopTutorial */,
				AE5119B71E7D6B1300AC1361 /* PeekAndPopTutorialTests */,
				AE5119C21E7D6B1300AC1361 /* PeekAndPopTutorialUITests */,
			);
		};
/* End PBXProject section */

/* Begin PBXResourcesBuildPhase section */
		AE5119A21E7D6B1300AC1361 /* Resources */ = {
			isa = PBXResourcesBuildPhase;
			buildActionMask = 2147483647;
			files = (
				AEEB50C71E7D6F4500615C44 /* LaunchScreen.storyboard in Resources */,
				AE5119DF1E7D6EA700AC1361 /* Info.plist in Resources */,
				AE5119AF1E7D6B1300AC1361 /* Assets.xcassets in Resources */,
				AEEB50C81E7D6F4500615C44 /* Main.storyboard in Resources */,
			);
			runOnlyForDeploymentPostprocessing = 0;
		};
		AE5119B61E7D6B1300AC1361 /* Resources */ = {
			isa = PBXResourcesBuildPhase;
			buildActionMask = 2147483647;
			files = (
			);
			runOnlyForDeploymentPostprocessing = 0;
		};
		AE5119C11E7D6B1300AC1361 /* Resources */ = {
			isa = PBXResourcesBuildPhase;
			buildActionMask = 2147483647;
			files = (
			);
			runOnlyForDeploymentPostprocessing = 0;
		};
/* End PBXResourcesBuildPhase section */

/* Begin PBXSourcesBuildPhase section */
		AE5119A01E7D6B1300AC1361 /* Sources */ = {
			isa = PBXSourcesBuildPhase;
			buildActionMask = 2147483647;
			files = (
				AEEB50D01E7D76C800615C44 /* RestaurantCell.swift in Sources */,
				AEEB50C91E7D6F6300615C44 /* Info.plist in Sources */,
				AE3D6FFE1F277A75000E4579 /* UIViewController.swift in Sources */,
				AE5119DE1E7D6EA700AC1361 /* AppDelegate.swift in Sources */,
				AEEB50C21E7D6F0C00615C44 /* RestaurantsViewController.swift in Sources */,
				AE3D70001F277A94000E4579 /* UITableViewCell.swift in Sources */,
				AED89A601E7FD0CB00A316F1 /* RestaurantImageView.swift in Sources */,
				AEEB50D21E7D7D0F00615C44 /* RestaurantDetailsViewController.swift in Sources */,
				AE5119D71E7D6C3100AC1361 /* Restaurant.swift in Sources */,
				AE4F99C21EDC1BD300B858FC /* Constants.swift in Sources */,
			);
			runOnlyForDeploymentPostprocessing = 0;
		};
		AE5119B41E7D6B1300AC1361 /* Sources */ = {
			isa = PBXSourcesBuildPhase;
			buildActionMask = 2147483647;
			files = (
				AE5119BD1E7D6B1300AC1361 /* PeekAndPopTutorialTests.swift in Sources */,
			);
			runOnlyForDeploymentPostprocessing = 0;
		};
		AE5119BF1E7D6B1300AC1361 /* Sources */ = {
			isa = PBXSourcesBuildPhase;
			buildActionMask = 2147483647;
			files = (
				AE5119C81E7D6B1300AC1361 /* PeekAndPopTutorialUITests.swift in Sources */,
			);
			runOnlyForDeploymentPostprocessing = 0;
		};
/* End PBXSourcesBuildPhase section */

/* Begin PBXTargetDependency section */
		AE5119BA1E7D6B1300AC1361 /* PBXTargetDependency */ = {
			isa = PBXTargetDependency;
			target = AE5119A31E7D6B1300AC1361 /* PeekAndPopTutorial */;
			targetProxy = AE5119B91E7D6B1300AC1361 /* PBXContainerItemProxy */;
		};
		AE5119C51E7D6B1300AC1361 /* PBXTargetDependency */ = {
			isa = PBXTargetDependency;
			target = AE5119A31E7D6B1300AC1361 /* PeekAndPopTutorial */;
			targetProxy = AE5119C41E7D6B1300AC1361 /* PBXContainerItemProxy */;
		};
/* End PBXTargetDependency section */

/* Begin XCBuildConfiguration section */
		AE5119CA1E7D6B1300AC1361 /* Debug */ = {
			isa = XCBuildConfiguration;
			buildSettings = {
				ALWAYS_SEARCH_USER_PATHS = NO;
				CLANG_ANALYZER_NONNULL = YES;
				CLANG_CXX_LANGUAGE_STANDARD = "gnu++0x";
				CLANG_CXX_LIBRARY = "libc++";
				CLANG_ENABLE_MODULES = YES;
				CLANG_ENABLE_OBJC_ARC = YES;
				CLANG_WARN_BOOL_CONVERSION = YES;
				CLANG_WARN_CONSTANT_CONVERSION = YES;
				CLANG_WARN_DIRECT_OBJC_ISA_USAGE = YES_ERROR;
				CLANG_WARN_DOCUMENTATION_COMMENTS = YES;
				CLANG_WARN_EMPTY_BODY = YES;
				CLANG_WARN_ENUM_CONVERSION = YES;
				CLANG_WARN_INFINITE_RECURSION = YES;
				CLANG_WARN_INT_CONVERSION = YES;
				CLANG_WARN_OBJC_ROOT_CLASS = YES_ERROR;
				CLANG_WARN_SUSPICIOUS_MOVE = YES;
				CLANG_WARN_UNREACHABLE_CODE = YES;
				CLANG_WARN__DUPLICATE_METHOD_MATCH = YES;
				"CODE_SIGN_IDENTITY[sdk=iphoneos*]" = "iPhone Developer";
				COPY_PHASE_STRIP = NO;
				DEBUG_INFORMATION_FORMAT = dwarf;
				ENABLE_STRICT_OBJC_MSGSEND = YES;
				ENABLE_TESTABILITY = YES;
				GCC_C_LANGUAGE_STANDARD = gnu99;
				GCC_DYNAMIC_NO_PIC = NO;
				GCC_NO_COMMON_BLOCKS = YES;
				GCC_OPTIMIZATION_LEVEL = 0;
				GCC_PREPROCESSOR_DEFINITIONS = (
					"DEBUG=1",
					"$(inherited)",
				);
				GCC_WARN_64_TO_32_BIT_CONVERSION = YES;
				GCC_WARN_ABOUT_RETURN_TYPE = YES_ERROR;
				GCC_WARN_UNDECLARED_SELECTOR = YES;
				GCC_WARN_UNINITIALIZED_AUTOS = YES_AGGRESSIVE;
				GCC_WARN_UNUSED_FUNCTION = YES;
				GCC_WARN_UNUSED_VARIABLE = YES;
				IPHONEOS_DEPLOYMENT_TARGET = 10.2;
				MTL_ENABLE_DEBUG_INFO = YES;
				ONLY_ACTIVE_ARCH = YES;
				SDKROOT = iphoneos;
				SWIFT_ACTIVE_COMPILATION_CONDITIONS = DEBUG;
				SWIFT_OPTIMIZATION_LEVEL = "-Onone";
				TARGETED_DEVICE_FAMILY = "1,2";
			};
			name = Debug;
		};
		AE5119CB1E7D6B1300AC1361 /* Release */ = {
			isa = XCBuildConfiguration;
			buildSettings = {
				ALWAYS_SEARCH_USER_PATHS = NO;
				CLANG_ANALYZER_NONNULL = YES;
				CLANG_CXX_LANGUAGE_STANDARD = "gnu++0x";
				CLANG_CXX_LIBRARY = "libc++";
				CLANG_ENABLE_MODULES = YES;
				CLANG_ENABLE_OBJC_ARC = YES;
				CLANG_WARN_BOOL_CONVERSION = YES;
				CLANG_WARN_CONSTANT_CONVERSION = YES;
				CLANG_WARN_DIRECT_OBJC_ISA_USAGE = YES_ERROR;
				CLANG_WARN_DOCUMENTATION_COMMENTS = YES;
				CLANG_WARN_EMPTY_BODY = YES;
				CLANG_WARN_ENUM_CONVERSION = YES;
				CLANG_WARN_INFINITE_RECURSION = YES;
				CLANG_WARN_INT_CONVERSION = YES;
				CLANG_WARN_OBJC_ROOT_CLASS = YES_ERROR;
				CLANG_WARN_SUSPICIOUS_MOVE = YES;
				CLANG_WARN_UNREACHABLE_CODE = YES;
				CLANG_WARN__DUPLICATE_METHOD_MATCH = YES;
				"CODE_SIGN_IDENTITY[sdk=iphoneos*]" = "iPhone Developer";
				COPY_PHASE_STRIP = NO;
				DEBUG_INFORMATION_FORMAT = "dwarf-with-dsym";
				ENABLE_NS_ASSERTIONS = NO;
				ENABLE_STRICT_OBJC_MSGSEND = YES;
				GCC_C_LANGUAGE_STANDARD = gnu99;
				GCC_NO_COMMON_BLOCKS = YES;
				GCC_WARN_64_TO_32_BIT_CONVERSION = YES;
				GCC_WARN_ABOUT_RETURN_TYPE = YES_ERROR;
				GCC_WARN_UNDECLARED_SELECTOR = YES;
				GCC_WARN_UNINITIALIZED_AUTOS = YES_AGGRESSIVE;
				GCC_WARN_UNUSED_FUNCTION = YES;
				GCC_WARN_UNUSED_VARIABLE = YES;
				IPHONEOS_DEPLOYMENT_TARGET = 10.2;
				MTL_ENABLE_DEBUG_INFO = NO;
				SDKROOT = iphoneos;
				SWIFT_OPTIMIZATION_LEVEL = "-Owholemodule";
				TARGETED_DEVICE_FAMILY = "1,2";
				VALIDATE_PRODUCT = YES;
			};
			name = Release;
		};
		AE5119CD1E7D6B1300AC1361 /* Debug */ = {
			isa = XCBuildConfiguration;
			buildSettings = {
				ASSETCATALOG_COMPILER_APPICON_NAME = AppIcon;
				DEVELOPMENT_TEAM = Q9FBT3ZA8A;
				INFOPLIST_FILE = "$(SRCROOT)/PeekAndPopTutorial/Supporting Files/Info.plist";
				IPHONEOS_DEPLOYMENT_TARGET = 10.0;
				LD_RUNPATH_SEARCH_PATHS = "$(inherited) @executable_path/Frameworks";
				PRODUCT_BUNDLE_IDENTIFIER = pp.PeekAndPopTutorial;
				PRODUCT_NAME = "$(TARGET_NAME)";
				SWIFT_SWIFT3_OBJC_INFERENCE = On;
				SWIFT_VERSION = 4.0;
			};
			name = Debug;
		};
		AE5119CE1E7D6B1300AC1361 /* Release */ = {
			isa = XCBuildConfiguration;
			buildSettings = {
				ASSETCATALOG_COMPILER_APPICON_NAME = AppIcon;
				DEVELOPMENT_TEAM = Q9FBT3ZA8A;
				INFOPLIST_FILE = "$(SRCROOT)/PeekAndPopTutorial/Supporting Files/Info.plist";
				IPHONEOS_DEPLOYMENT_TARGET = 10.0;
				LD_RUNPATH_SEARCH_PATHS = "$(inherited) @executable_path/Frameworks";
				PRODUCT_BUNDLE_IDENTIFIER = pp.PeekAndPopTutorial;
				PRODUCT_NAME = "$(TARGET_NAME)";
				SWIFT_SWIFT3_OBJC_INFERENCE = On;
				SWIFT_VERSION = 4.0;
			};
			name = Release;
		};
		AE5119D01E7D6B1300AC1361 /* Debug */ = {
			isa = XCBuildConfiguration;
			buildSettings = {
				ALWAYS_EMBED_SWIFT_STANDARD_LIBRARIES = YES;
				BUNDLE_LOADER = "$(TEST_HOST)";
				INFOPLIST_FILE = PeekAndPopTutorialTests/Info.plist;
				LD_RUNPATH_SEARCH_PATHS = "$(inherited) @executable_path/Frameworks @loader_path/Frameworks";
				PRODUCT_BUNDLE_IDENTIFIER = df.PeekAndPopTutorialTests;
				PRODUCT_NAME = "$(TARGET_NAME)";
				SWIFT_SWIFT3_OBJC_INFERENCE = On;
				SWIFT_VERSION = 4.0;
				TEST_HOST = "$(BUILT_PRODUCTS_DIR)/PeekAndPopTutorial.app/PeekAndPopTutorial";
			};
			name = Debug;
		};
		AE5119D11E7D6B1300AC1361 /* Release */ = {
			isa = XCBuildConfiguration;
			buildSettings = {
				ALWAYS_EMBED_SWIFT_STANDARD_LIBRARIES = YES;
				BUNDLE_LOADER = "$(TEST_HOST)";
				INFOPLIST_FILE = PeekAndPopTutorialTests/Info.plist;
				LD_RUNPATH_SEARCH_PATHS = "$(inherited) @executable_path/Frameworks @loader_path/Frameworks";
				PRODUCT_BUNDLE_IDENTIFIER = df.PeekAndPopTutorialTests;
				PRODUCT_NAME = "$(TARGET_NAME)";
				SWIFT_SWIFT3_OBJC_INFERENCE = On;
				SWIFT_VERSION = 4.0;
				TEST_HOST = "$(BUILT_PRODUCTS_DIR)/PeekAndPopTutorial.app/PeekAndPopTutorial";
			};
			name = Release;
		};
		AE5119D31E7D6B1300AC1361 /* Debug */ = {
			isa = XCBuildConfiguration;
			buildSettings = {
				ALWAYS_EMBED_SWIFT_STANDARD_LIBRARIES = YES;
				INFOPLIST_FILE = PeekAndPopTutorialUITests/Info.plist;
				LD_RUNPATH_SEARCH_PATHS = "$(inherited) @executable_path/Frameworks @loader_path/Frameworks";
				PRODUCT_BUNDLE_IDENTIFIER = df.PeekAndPopTutorialUITests;
				PRODUCT_NAME = "$(TARGET_NAME)";
				SWIFT_SWIFT3_OBJC_INFERENCE = On;
				SWIFT_VERSION = 4.0;
				TEST_TARGET_NAME = PeekAndPopTutorial;
			};
			name = Debug;
		};
		AE5119D41E7D6B1300AC1361 /* Release */ = {
			isa = XCBuildConfiguration;
			buildSettings = {
				ALWAYS_EMBED_SWIFT_STANDARD_LIBRARIES = YES;
				INFOPLIST_FILE = PeekAndPopTutorialUITests/Info.plist;
				LD_RUNPATH_SEARCH_PATHS = "$(inherited) @executable_path/Frameworks @loader_path/Frameworks";
				PRODUCT_BUNDLE_IDENTIFIER = df.PeekAndPopTutorialUITests;
				PRODUCT_NAME = "$(TARGET_NAME)";
				SWIFT_SWIFT3_OBJC_INFERENCE = On;
				SWIFT_VERSION = 4.0;
				TEST_TARGET_NAME = PeekAndPopTutorial;
			};
			name = Release;
		};
/* End XCBuildConfiguration section */

/* Begin XCConfigurationList section */
		AE51199F1E7D6B1300AC1361 /* Build configuration list for PBXProject "PeekAndPopTutorial" */ = {
			isa = XCConfigurationList;
			buildConfigurations = (
				AE5119CA1E7D6B1300AC1361 /* Debug */,
				AE5119CB1E7D6B1300AC1361 /* Release */,
			);
			defaultConfigurationIsVisible = 0;
			defaultConfigurationName = Release;
		};
		AE5119CC1E7D6B1300AC1361 /* Build configuration list for PBXNativeTarget "PeekAndPopTutorial" */ = {
			isa = XCConfigurationList;
			buildConfigurations = (
				AE5119CD1E7D6B1300AC1361 /* Debug */,
				AE5119CE1E7D6B1300AC1361 /* Release */,
			);
			defaultConfigurationIsVisible = 0;
			defaultConfigurationName = Release;
		};
		AE5119CF1E7D6B1300AC1361 /* Build configuration list for PBXNativeTarget "PeekAndPopTutorialTests" */ = {
			isa = XCConfigurationList;
			buildConfigurations = (
				AE5119D01E7D6B1300AC1361 /* Debug */,
				AE5119D11E7D6B1300AC1361 /* Release */,
			);
			defaultConfigurationIsVisible = 0;
			defaultConfigurationName = Release;
		};
		AE5119D21E7D6B1300AC1361 /* Build configuration list for PBXNativeTarget "PeekAndPopTutorialUITests" */ = {
			isa = XCConfigurationList;
			buildConfigurations = (
				AE5119D31E7D6B1300AC1361 /* Debug */,
				AE5119D41E7D6B1300AC1361 /* Release */,
			);
			defaultConfigurationIsVisible = 0;
			defaultConfigurationName = Release;
		};
/* End XCConfigurationList section */
	};
	rootObject = AE51199C1E7D6B1300AC1361 /* Project object */;
}
